// !$*UTF8*$!
{
	archiveVersion = 1;
	classes = {
	};
	objectVersion = 77;
	objects = {

/* Begin PBXBuildFile section */
		8B40C1742DDE508B00769F40 /* CoreFoundational in Frameworks */ = {isa = PBXBuildFile; productRef = 8B40C1732DDE508B00769F40 /* CoreFoundational */; };
		8B40C1762DDE508B00769F40 /* CoreNetworking in Frameworks */ = {isa = PBXBuildFile; productRef = 8B40C1752DDE508B00769F40 /* CoreNetworking */; };
		8B40C1782DDE508B00769F40 /* MockNetworking in Frameworks */ = {isa = PBXBuildFile; productRef = 8B40C1772DDE508B00769F40 /* MockNetworking */; };
		8B40C17A2DDE508B00769F40 /* RecipesFeature in Frameworks */ = {isa = PBXBuildFile; productRef = 8B40C1792DDE508B00769F40 /* RecipesFeature */; };
		8BCFF9992DDF419100B1FCBC /* CoreFoundational in Frameworks */ = {isa = PBXBuildFile; productRef = 8BCFF9982DDF419100B1FCBC /* CoreFoundational */; };
		8BCFF99B2DDF419100B1FCBC /* CoreNetworking in Frameworks */ = {isa = PBXBuildFile; productRef = 8BCFF99A2DDF419100B1FCBC /* CoreNetworking */; };
		8BCFF99D2DDF419100B1FCBC /* MockNetworking in Frameworks */ = {isa = PBXBuildFile; productRef = 8BCFF99C2DDF419100B1FCBC /* MockNetworking */; };
		8BCFF99F2DDF419100B1FCBC /* RecipesFeature in Frameworks */ = {isa = PBXBuildFile; productRef = 8BCFF99E2DDF419100B1FCBC /* RecipesFeature */; };
/* End PBXBuildFile section */

/* Begin PBXContainerItemProxy section */
		8B6541592DDE48670029776C /* PBXContainerItemProxy */ = {
			isa = PBXContainerItemProxy;
			containerPortal = 8B6541402DDE48640029776C /* Project object */;
			proxyType = 1;
			remoteGlobalIDString = 8B6541472DDE48640029776C;
			remoteInfo = RecipesClient;
		};
		8B6541632DDE48670029776C /* PBXContainerItemProxy */ = {
			isa = PBXContainerItemProxy;
			containerPortal = 8B6541402DDE48640029776C /* Project object */;
			proxyType = 1;
			remoteGlobalIDString = 8B6541472DDE48640029776C;
			remoteInfo = RecipesClient;
		};
/* End PBXContainerItemProxy section */

/* Begin PBXFileReference section */
		8B6541482DDE48640029776C /* RecipesClient.app */ = {isa = PBXFileReference; explicitFileType = wrapper.application; includeInIndex = 0; path = RecipesClient.app; sourceTree = BUILT_PRODUCTS_DIR; };
		8B6541582DDE48670029776C /* RecipesClientTests.xctest */ = {isa = PBXFileReference; explicitFileType = wrapper.cfbundle; includeInIndex = 0; path = RecipesClientTests.xctest; sourceTree = BUILT_PRODUCTS_DIR; };
		8B6541622DDE48670029776C /* RecipesClientUITests.xctest */ = {isa = PBXFileReference; explicitFileType = wrapper.cfbundle; includeInIndex = 0; path = RecipesClientUITests.xctest; sourceTree = BUILT_PRODUCTS_DIR; };
/* End PBXFileReference section */

/* Begin PBXFileSystemSynchronizedRootGroup section */
		8B65414A2DDE48640029776C /* RecipesClient */ = {
			isa = PBXFileSystemSynchronizedRootGroup;
			path = RecipesClient;
			sourceTree = "<group>";
		};
		8B65415B2DDE48670029776C /* RecipesClientTests */ = {
			isa = PBXFileSystemSynchronizedRootGroup;
			path = RecipesClientTests;
			sourceTree = "<group>";
		};
		8B6541652DDE48670029776C /* RecipesClientUITests */ = {
			isa = PBXFileSystemSynchronizedRootGroup;
			path = RecipesClientUITests;
			sourceTree = "<group>";
		};
/* End PBXFileSystemSynchronizedRootGroup section */

/* Begin PBXFrameworksBuildPhase section */
		8B6541452DDE48640029776C /* Frameworks */ = {
			isa = PBXFrameworksBuildPhase;
			buildActionMask = 2147483647;
			files = (
				8B40C1742DDE508B00769F40 /* CoreFoundational in Frameworks */,
				8B40C17A2DDE508B00769F40 /* RecipesFeature in Frameworks */,
				8B40C1762DDE508B00769F40 /* CoreNetworking in Frameworks */,
				8B40C1782DDE508B00769F40 /* MockNetworking in Frameworks */,
			);
			runOnlyForDeploymentPostprocessing = 0;
		};
		8B6541552DDE48670029776C /* Frameworks */ = {
			isa = PBXFrameworksBuildPhase;
			buildActionMask = 2147483647;
			files = (
			);
			runOnlyForDeploymentPostprocessing = 0;
		};
		8B65415F2DDE48670029776C /* Frameworks */ = {
			isa = PBXFrameworksBuildPhase;
			buildActionMask = 2147483647;
			files = (
				8BCFF9992DDF419100B1FCBC /* CoreFoundational in Frameworks */,
				8BCFF99F2DDF419100B1FCBC /* RecipesFeature in Frameworks */,
				8BCFF99B2DDF419100B1FCBC /* CoreNetworking in Frameworks */,
				8BCFF99D2DDF419100B1FCBC /* MockNetworking in Frameworks */,
			);
			runOnlyForDeploymentPostprocessing = 0;
		};
/* End PBXFrameworksBuildPhase section */

/* Begin PBXGroup section */
		8B40C1722DDE508B00769F40 /* Frameworks */ = {
			isa = PBXGroup;
			children = (
			);
			name = Frameworks;
			sourceTree = "<group>";
		};
		8B65413F2DDE48640029776C = {
			isa = PBXGroup;
			children = (
				8B65414A2DDE48640029776C /* RecipesClient */,
				8B65415B2DDE48670029776C /* RecipesClientTests */,
				8B6541652DDE48670029776C /* RecipesClientUITests */,
				8B40C1722DDE508B00769F40 /* Frameworks */,
				8B6541492DDE48640029776C /* Products */,
			);
			sourceTree = "<group>";
		};
		8B6541492DDE48640029776C /* Products */ = {
			isa = PBXGroup;
			children = (
				8B6541482DDE48640029776C /* RecipesClient.app */,
				8B6541582DDE48670029776C /* RecipesClientTests.xctest */,
				8B6541622DDE48670029776C /* RecipesClientUITests.xctest */,
			);
			name = Products;
			sourceTree = "<group>";
		};
/* End PBXGroup section */

/* Begin PBXNativeTarget section */
		8B6541472DDE48640029776C /* RecipesClient */ = {
			isa = PBXNativeTarget;
			buildConfigurationList = 8B65416C2DDE48670029776C /* Build configuration list for PBXNativeTarget "RecipesClient" */;
			buildPhases = (
				8B6541442DDE48640029776C /* Sources */,
				8B6541452DDE48640029776C /* Frameworks */,
				8B6541462DDE48640029776C /* Resources */,
			);
			buildRules = (
			);
			dependencies = (
			);
			fileSystemSynchronizedGroups = (
				8B65414A2DDE48640029776C /* RecipesClient */,
			);
			name = RecipesClient;
			packageProductDependencies = (
				8B40C1732DDE508B00769F40 /* CoreFoundational */,
				8B40C1752DDE508B00769F40 /* CoreNetworking */,
				8B40C1772DDE508B00769F40 /* MockNetworking */,
				8B40C1792DDE508B00769F40 /* RecipesFeature */,
			);
			productName = RecipesClient;
			productReference = 8B6541482DDE48640029776C /* RecipesClient.app */;
			productType = "com.apple.product-type.application";
		};
		8B6541572DDE48670029776C /* RecipesClientTests */ = {
			isa = PBXNativeTarget;
			buildConfigurationList = 8B65416F2DDE48670029776C /* Build configuration list for PBXNativeTarget "RecipesClientTests" */;
			buildPhases = (
				8B6541542DDE48670029776C /* Sources */,
				8B6541552DDE48670029776C /* Frameworks */,
				8B6541562DDE48670029776C /* Resources */,
			);
			buildRules = (
			);
			dependencies = (
				8B65415A2DDE48670029776C /* PBXTargetDependency */,
			);
			fileSystemSynchronizedGroups = (
				8B65415B2DDE48670029776C /* RecipesClientTests */,
			);
			name = RecipesClientTests;
			packageProductDependencies = (
			);
			productName = RecipesClientTests;
			productReference = 8B6541582DDE48670029776C /* RecipesClientTests.xctest */;
			productType = "com.apple.product-type.bundle.unit-test";
		};
		8B6541612DDE48670029776C /* RecipesClientUITests */ = {
			isa = PBXNativeTarget;
			buildConfigurationList = 8B6541722DDE48670029776C /* Build configuration list for PBXNativeTarget "RecipesClientUITests" */;
			buildPhases = (
				8B65415E2DDE48670029776C /* Sources */,
				8B65415F2DDE48670029776C /* Frameworks */,
				8B6541602DDE48670029776C /* Resources */,
			);
			buildRules = (
			);
			dependencies = (
				8B6541642DDE48670029776C /* PBXTargetDependency */,
			);
			fileSystemSynchronizedGroups = (
				8B6541652DDE48670029776C /* RecipesClientUITests */,
			);
			name = RecipesClientUITests;
			packageProductDependencies = (
				8BCFF9982DDF419100B1FCBC /* CoreFoundational */,
				8BCFF99A2DDF419100B1FCBC /* CoreNetworking */,
				8BCFF99C2DDF419100B1FCBC /* MockNetworking */,
				8BCFF99E2DDF419100B1FCBC /* RecipesFeature */,
			);
			productName = RecipesClientUITests;
			productReference = 8B6541622DDE48670029776C /* RecipesClientUITests.xctest */;
			productType = "com.apple.product-type.bundle.ui-testing";
		};
/* End PBXNativeTarget section */

/* Begin PBXProject section */
		8B6541402DDE48640029776C /* Project object */ = {
			isa = PBXProject;
			attributes = {
				BuildIndependentTargetsInParallel = 1;
				LastSwiftUpdateCheck = 1600;
				LastUpgradeCheck = 1600;
				TargetAttributes = {
					8B6541472DDE48640029776C = {
						CreatedOnToolsVersion = 16.0;
					};
					8B6541572DDE48670029776C = {
						CreatedOnToolsVersion = 16.0;
						TestTargetID = 8B6541472DDE48640029776C;
					};
					8B6541612DDE48670029776C = {
						CreatedOnToolsVersion = 16.0;
						TestTargetID = 8B6541472DDE48640029776C;
					};
				};
			};
			buildConfigurationList = 8B6541432DDE48640029776C /* Build configuration list for PBXProject "RecipesClient" */;
			developmentRegion = en;
			hasScannedForEncodings = 0;
			knownRegions = (
				en,
				Base,
			);
			mainGroup = 8B65413F2DDE48640029776C;
			minimizedProjectReferenceProxies = 1;
			preferredProjectObjectVersion = 77;
			productRefGroup = 8B6541492DDE48640029776C /* Products */;
			projectDirPath = "";
			projectRoot = "";
			targets = (
				8B6541472DDE48640029776C /* RecipesClient */,
				8B6541572DDE48670029776C /* RecipesClientTests */,
				8B6541612DDE48670029776C /* RecipesClientUITests */,
			);
		};
/* End PBXProject section */

/* Begin PBXResourcesBuildPhase section */
		8B6541462DDE48640029776C /* Resources */ = {
			isa = PBXResourcesBuildPhase;
			buildActionMask = 2147483647;
			files = (
			);
			runOnlyForDeploymentPostprocessing = 0;
		};
		8B6541562DDE48670029776C /* Resources */ = {
			isa = PBXResourcesBuildPhase;
			buildActionMask = 2147483647;
			files = (
			);
			runOnlyForDeploymentPostprocessing = 0;
		};
		8B6541602DDE48670029776C /* Resources */ = {
			isa = PBXResourcesBuildPhase;
			buildActionMask = 2147483647;
			files = (
			);
			runOnlyForDeploymentPostprocessing = 0;
		};
/* End PBXResourcesBuildPhase section */

/* Begin PBXSourcesBuildPhase section */
		8B6541442DDE48640029776C /* Sources */ = {
			isa = PBXSourcesBuildPhase;
			buildActionMask = 2147483647;
			files = (
			);
			runOnlyForDeploymentPostprocessing = 0;
		};
		8B6541542DDE48670029776C /* Sources */ = {
			isa = PBXSourcesBuildPhase;
			buildActionMask = 2147483647;
			files = (
			);
			runOnlyForDeploymentPostprocessing = 0;
		};
		8B65415E2DDE48670029776C /* Sources */ = {
			isa = PBXSourcesBuildPhase;
			buildActionMask = 2147483647;
			files = (
			);
			runOnlyForDeploymentPostprocessing = 0;
		};
/* End PBXSourcesBuildPhase section */

/* Begin PBXTargetDependency section */
		8B65415A2DDE48670029776C /* PBXTargetDependency */ = {
			isa = PBXTargetDependency;
			target = 8B6541472DDE48640029776C /* RecipesClient */;
			targetProxy = 8B6541592DDE48670029776C /* PBXContainerItemProxy */;
		};
		8B6541642DDE48670029776C /* PBXTargetDependency */ = {
			isa = PBXTargetDependency;
			target = 8B6541472DDE48640029776C /* RecipesClient */;
			targetProxy = 8B6541632DDE48670029776C /* PBXContainerItemProxy */;
		};
/* End PBXTargetDependency section */

/* Begin XCBuildConfiguration section */
		8B65416A2DDE48670029776C /* Debug */ = {
			isa = XCBuildConfiguration;
			buildSettings = {
				ALWAYS_SEARCH_USER_PATHS = NO;
				ASSETCATALOG_COMPILER_GENERATE_SWIFT_ASSET_SYMBOL_EXTENSIONS = YES;
				CLANG_ANALYZER_NONNULL = YES;
				CLANG_ANALYZER_NUMBER_OBJECT_CONVERSION = YES_AGGRESSIVE;
				CLANG_CXX_LANGUAGE_STANDARD = "gnu++20";
				CLANG_ENABLE_MODULES = YES;
				CLANG_ENABLE_OBJC_ARC = YES;
				CLANG_ENABLE_OBJC_WEAK = YES;
				CLANG_WARN_BLOCK_CAPTURE_AUTORELEASING = YES;
				CLANG_WARN_BOOL_CONVERSION = YES;
				CLANG_WARN_COMMA = YES;
				CLANG_WARN_CONSTANT_CONVERSION = YES;
				CLANG_WARN_DEPRECATED_OBJC_IMPLEMENTATIONS = YES;
				CLANG_WARN_DIRECT_OBJC_ISA_USAGE = YES_ERROR;
				CLANG_WARN_DOCUMENTATION_COMMENTS = YES;
				CLANG_WARN_EMPTY_BODY = YES;
				CLANG_WARN_ENUM_CONVERSION = YES;
				CLANG_WARN_INFINITE_RECURSION = YES;
				CLANG_WARN_INT_CONVERSION = YES;
				CLANG_WARN_NON_LITERAL_NULL_CONVERSION = YES;
				CLANG_WARN_OBJC_IMPLICIT_RETAIN_SELF = YES;
				CLANG_WARN_OBJC_LITERAL_CONVERSION = YES;
				CLANG_WARN_OBJC_ROOT_CLASS = YES_ERROR;
				CLANG_WARN_QUOTED_INCLUDE_IN_FRAMEWORK_HEADER = YES;
				CLANG_WARN_RANGE_LOOP_ANALYSIS = YES;
				CLANG_WARN_STRICT_PROTOTYPES = YES;
				CLANG_WARN_SUSPICIOUS_MOVE = YES;
				CLANG_WARN_UNGUARDED_AVAILABILITY = YES_AGGRESSIVE;
				CLANG_WARN_UNREACHABLE_CODE = YES;
				CLANG_WARN__DUPLICATE_METHOD_MATCH = YES;
				COPY_PHASE_STRIP = NO;
				DEBUG_INFORMATION_FORMAT = dwarf;
				ENABLE_STRICT_OBJC_MSGSEND = YES;
				ENABLE_TESTABILITY = YES;
				ENABLE_USER_SCRIPT_SANDBOXING = YES;
				GCC_C_LANGUAGE_STANDARD = gnu17;
				GCC_DYNAMIC_NO_PIC = NO;
				GCC_NO_COMMON_BLOCKS = YES;
				GCC_OPTIMIZATION_LEVEL = 0;
				GCC_PREPROCESSOR_DEFINITIONS = (
					"DEBUG=1",
					"$(inherited)",
				);
				GCC_WARN_64_TO_32_BIT_CONVERSION = YES;
				GCC_WARN_ABOUT_RETURN_TYPE = YES_ERROR;
				GCC_WARN_UNDECLARED_SELECTOR = YES;
				GCC_WARN_UNINITIALIZED_AUTOS = YES_AGGRESSIVE;
				GCC_WARN_UNUSED_FUNCTION = YES;
				GCC_WARN_UNUSED_VARIABLE = YES;
				IPHONEOS_DEPLOYMENT_TARGET = 18.0;
				LOCALIZATION_PREFERS_STRING_CATALOGS = YES;
				MTL_ENABLE_DEBUG_INFO = INCLUDE_SOURCE;
				MTL_FAST_MATH = YES;
				ONLY_ACTIVE_ARCH = YES;
				SDKROOT = iphoneos;
				SWIFT_ACTIVE_COMPILATION_CONDITIONS = "DEBUG $(inherited)";
				SWIFT_OPTIMIZATION_LEVEL = "-Onone";
			};
			name = Debug;
		};
		8B65416B2DDE48670029776C /* Release */ = {
			isa = XCBuildConfiguration;
			buildSettings = {
				ALWAYS_SEARCH_USER_PATHS = NO;
				ASSETCATALOG_COMPILER_GENERATE_SWIFT_ASSET_SYMBOL_EXTENSIONS = YES;
				CLANG_ANALYZER_NONNULL = YES;
				CLANG_ANALYZER_NUMBER_OBJECT_CONVERSION = YES_AGGRESSIVE;
				CLANG_CXX_LANGUAGE_STANDARD = "gnu++20";
				CLANG_ENABLE_MODULES = YES;
				CLANG_ENABLE_OBJC_ARC = YES;
				CLANG_ENABLE_OBJC_WEAK = YES;
				CLANG_WARN_BLOCK_CAPTURE_AUTORELEASING = YES;
				CLANG_WARN_BOOL_CONVERSION = YES;
				CLANG_WARN_COMMA = YES;
				CLANG_WARN_CONSTANT_CONVERSION = YES;
				CLANG_WARN_DEPRECATED_OBJC_IMPLEMENTATIONS = YES;
				CLANG_WARN_DIRECT_OBJC_ISA_USAGE = YES_ERROR;
				CLANG_WARN_DOCUMENTATION_COMMENTS = YES;
				CLANG_WARN_EMPTY_BODY = YES;
				CLANG_WARN_ENUM_CONVERSION = YES;
				CLANG_WARN_INFINITE_RECURSION = YES;
				CLANG_WARN_INT_CONVERSION = YES;
				CLANG_WARN_NON_LITERAL_NULL_CONVERSION = YES;
				CLANG_WARN_OBJC_IMPLICIT_RETAIN_SELF = YES;
				CLANG_WARN_OBJC_LITERAL_CONVERSION = YES;
				CLANG_WARN_OBJC_ROOT_CLASS = YES_ERROR;
				CLANG_WARN_QUOTED_INCLUDE_IN_FRAMEWORK_HEADER = YES;
				CLANG_WARN_RANGE_LOOP_ANALYSIS = YES;
				CLANG_WARN_STRICT_PROTOTYPES = YES;
				CLANG_WARN_SUSPICIOUS_MOVE = YES;
				CLANG_WARN_UNGUARDED_AVAILABILITY = YES_AGGRESSIVE;
				CLANG_WARN_UNREACHABLE_CODE = YES;
				CLANG_WARN__DUPLICATE_METHOD_MATCH = YES;
				COPY_PHASE_STRIP = NO;
				DEBUG_INFORMATION_FORMAT = "dwarf-with-dsym";
				ENABLE_NS_ASSERTIONS = NO;
				ENABLE_STRICT_OBJC_MSGSEND = YES;
				ENABLE_USER_SCRIPT_SANDBOXING = YES;
				GCC_C_LANGUAGE_STANDARD = gnu17;
				GCC_NO_COMMON_BLOCKS = YES;
				GCC_WARN_64_TO_32_BIT_CONVERSION = YES;
				GCC_WARN_ABOUT_RETURN_TYPE = YES_ERROR;
				GCC_WARN_UNDECLARED_SELECTOR = YES;
				GCC_WARN_UNINITIALIZED_AUTOS = YES_AGGRESSIVE;
				GCC_WARN_UNUSED_FUNCTION = YES;
				GCC_WARN_UNUSED_VARIABLE = YES;
				IPHONEOS_DEPLOYMENT_TARGET = 18.0;
				LOCALIZATION_PREFERS_STRING_CATALOGS = YES;
				MTL_ENABLE_DEBUG_INFO = NO;
				MTL_FAST_MATH = YES;
				SDKROOT = iphoneos;
				SWIFT_COMPILATION_MODE = wholemodule;
				VALIDATE_PRODUCT = YES;
			};
			name = Release;
		};
		8B65416D2DDE48670029776C /* Debug */ = {
			isa = XCBuildConfiguration;
			buildSettings = {
				ASSETCATALOG_COMPILER_APPICON_NAME = AppIcon;
				ASSETCATALOG_COMPILER_GLOBAL_ACCENT_COLOR_NAME = AccentColor;
				CODE_SIGN_STYLE = Automatic;
				CURRENT_PROJECT_VERSION = 1;
				DEVELOPMENT_ASSET_PATHS = "\"RecipesClient/Preview Content\"";
				ENABLE_PREVIEWS = YES;
				GENERATE_INFOPLIST_FILE = YES;
				INFOPLIST_KEY_UIApplicationSceneManifest_Generation = YES;
				INFOPLIST_KEY_UIApplicationSupportsIndirectInputEvents = YES;
				INFOPLIST_KEY_UILaunchScreen_Generation = YES;
				INFOPLIST_KEY_UISupportedInterfaceOrientations = UIInterfaceOrientationPortrait;
				LD_RUNPATH_SEARCH_PATHS = (
					"$(inherited)",
					"@executable_path/Frameworks",
				);
				MARKETING_VERSION = 1.0;
				PRODUCT_BUNDLE_IDENTIFIER = apps.recipes.RecipesClient;
				PRODUCT_NAME = "$(TARGET_NAME)";
				SWIFT_EMIT_LOC_STRINGS = YES;
				SWIFT_VERSION = 5.0;
				TARGETED_DEVICE_FAMILY = "1,2";
			};
			name = Debug;
		};
		8B65416E2DDE48670029776C /* Release */ = {
			isa = XCBuildConfiguration;
			buildSettings = {
				ASSETCATALOG_COMPILER_APPICON_NAME = AppIcon;
				ASSETCATALOG_COMPILER_GLOBAL_ACCENT_COLOR_NAME = AccentColor;
				CODE_SIGN_STYLE = Automatic;
				CURRENT_PROJECT_VERSION = 1;
				DEVELOPMENT_ASSET_PATHS = "\"RecipesClient/Preview Content\"";
				ENABLE_PREVIEWS = YES;
				GENERATE_INFOPLIST_FILE = YES;
				INFOPLIST_KEY_UIApplicationSceneManifest_Generation = YES;
				INFOPLIST_KEY_UIApplicationSupportsIndirectInputEvents = YES;
				INFOPLIST_KEY_UILaunchScreen_Generation = YES;
				INFOPLIST_KEY_UISupportedInterfaceOrientations = UIInterfaceOrientationPortrait;
				LD_RUNPATH_SEARCH_PATHS = (
					"$(inherited)",
					"@executable_path/Frameworks",
				);
				MARKETING_VERSION = 1.0;
				PRODUCT_BUNDLE_IDENTIFIER = apps.recipes.RecipesClient;
				PRODUCT_NAME = "$(TARGET_NAME)";
				SWIFT_EMIT_LOC_STRINGS = YES;
				SWIFT_VERSION = 5.0;
				TARGETED_DEVICE_FAMILY = "1,2";
			};
			name = Release;
		};
		8B6541702DDE48670029776C /* Debug */ = {
			isa = XCBuildConfiguration;
			buildSettings = {
				BUNDLE_LOADER = "$(TEST_HOST)";
				CODE_SIGN_STYLE = Automatic;
				CURRENT_PROJECT_VERSION = 1;
				GENERATE_INFOPLIST_FILE = YES;
				IPHONEOS_DEPLOYMENT_TARGET = 18.0;
				MARKETING_VERSION = 1.0;
				PRODUCT_BUNDLE_IDENTIFIER = apps.recipes.RecipesClientTests;
				PRODUCT_NAME = "$(TARGET_NAME)";
				SWIFT_EMIT_LOC_STRINGS = NO;
				SWIFT_VERSION = 5.0;
				TARGETED_DEVICE_FAMILY = "1,2";
				TEST_HOST = "$(BUILT_PRODUCTS_DIR)/RecipesClient.app/$(BUNDLE_EXECUTABLE_FOLDER_PATH)/RecipesClient";
			};
			name = Debug;
		};
		8B6541712DDE48670029776C /* Release */ = {
			isa = XCBuildConfiguration;
			buildSettings = {
				BUNDLE_LOADER = "$(TEST_HOST)";
				CODE_SIGN_STYLE = Automatic;
				CURRENT_PROJECT_VERSION = 1;
				GENERATE_INFOPLIST_FILE = YES;
				IPHONEOS_DEPLOYMENT_TARGET = 18.0;
				MARKETING_VERSION = 1.0;
				PRODUCT_BUNDLE_IDENTIFIER = apps.recipes.RecipesClientTests;
				PRODUCT_NAME = "$(TARGET_NAME)";
				SWIFT_EMIT_LOC_STRINGS = NO;
				SWIFT_VERSION = 5.0;
				TARGETED_DEVICE_FAMILY = "1,2";
				TEST_HOST = "$(BUILT_PRODUCTS_DIR)/RecipesClient.app/$(BUNDLE_EXECUTABLE_FOLDER_PATH)/RecipesClient";
			};
			name = Release;
		};
		8B6541732DDE48670029776C /* Debug */ = {
			isa = XCBuildConfiguration;
			buildSettings = {
				CODE_SIGN_STYLE = Automatic;
				CURRENT_PROJECT_VERSION = 1;
				GENERATE_INFOPLIST_FILE = YES;
				MARKETING_VERSION = 1.0;
				PRODUCT_BUNDLE_IDENTIFIER = apps.recipes.RecipesClientUITests;
				PRODUCT_NAME = "$(TARGET_NAME)";
				SWIFT_EMIT_LOC_STRINGS = NO;
				SWIFT_VERSION = 5.0;
				TARGETED_DEVICE_FAMILY = "1,2";
				TEST_TARGET_NAME = RecipesClient;
			};
			name = Debug;
		};
		8B6541742DDE48670029776C /* Release */ = {
			isa = XCBuildConfiguration;
			buildSettings = {
				CODE_SIGN_STYLE = Automatic;
				CURRENT_PROJECT_VERSION = 1;
				GENERATE_INFOPLIST_FILE = YES;
				MARKETING_VERSION = 1.0;
				PRODUCT_BUNDLE_IDENTIFIER = apps.recipes.RecipesClientUITests;
				PRODUCT_NAME = "$(TARGET_NAME)";
				SWIFT_EMIT_LOC_STRINGS = NO;
				SWIFT_VERSION = 5.0;
				TARGETED_DEVICE_FAMILY = "1,2";
				TEST_TARGET_NAME = RecipesClient;
			};
			name = Release;
		};
/* End XCBuildConfiguration section */

/* Begin XCConfigurationList section */
		8B6541432DDE48640029776C /* Build configuration list for PBXProject "RecipesClient" */ = {
			isa = XCConfigurationList;
			buildConfigurations = (
				8B65416A2DDE48670029776C /* Debug */,
				8B65416B2DDE48670029776C /* Release */,
			);
			defaultConfigurationIsVisible = 0;
			defaultConfigurationName = Release;
		};
		8B65416C2DDE48670029776C /* Build configuration list for PBXNativeTarget "RecipesClient" */ = {
			isa = XCConfigurationList;
			buildConfigurations = (
				8B65416D2DDE48670029776C /* Debug */,
				8B65416E2DDE48670029776C /* Release */,
			);
			defaultConfigurationIsVisible = 0;
			defaultConfigurationName = Release;
		};
		8B65416F2DDE48670029776C /* Build configuration list for PBXNativeTarget "RecipesClientTests" */ = {
			isa = XCConfigurationList;
			buildConfigurations = (
				8B6541702DDE48670029776C /* Debug */,
				8B6541712DDE48670029776C /* Release */,
			);
			defaultConfigurationIsVisible = 0;
			defaultConfigurationName = Release;
		};
		8B6541722DDE48670029776C /* Build configuration list for PBXNativeTarget "RecipesClientUITests" */ = {
			isa = XCConfigurationList;
			buildConfigurations = (
				8B6541732DDE48670029776C /* Debug */,
				8B6541742DDE48670029776C /* Release */,
			);
			defaultConfigurationIsVisible = 0;
			defaultConfigurationName = Release;
		};
/* End XCConfigurationList section */

/* Begin XCSwiftPackageProductDependency section */
		8B40C1732DDE508B00769F40 /* CoreFoundational */ = {
			isa = XCSwiftPackageProductDependency;
			productName = CoreFoundational;
		};
		8B40C1752DDE508B00769F40 /* CoreNetworking */ = {
			isa = XCSwiftPackageProductDependency;
			productName = CoreNetworking;
		};
		8B40C1772DDE508B00769F40 /* MockNetworking */ = {
			isa = XCSwiftPackageProductDependency;
			productName = MockNetworking;
		};
		8B40C1792DDE508B00769F40 /* RecipesFeature */ = {
			isa = XCSwiftPackageProductDependency;
			productName = RecipesFeature;
		};
		8BCFF9982DDF419100B1FCBC /* CoreFoundational */ = {
			isa = XCSwiftPackageProductDependency;
			productName = CoreFoundational;
		};
		8BCFF99A2DDF419100B1FCBC /* CoreNetworking */ = {
			isa = XCSwiftPackageProductDependency;
			productName = CoreNetworking;
		};
		8BCFF99C2DDF419100B1FCBC /* MockNetworking */ = {
			isa = XCSwiftPackageProductDependency;
			productName = MockNetworking;
		};
		8BCFF99E2DDF419100B1FCBC /* RecipesFeature */ = {
			isa = XCSwiftPackageProductDependency;
			productName = RecipesFeature;
		};
/* End XCSwiftPackageProductDependency section */
	};
	rootObject = 8B6541402DDE48640029776C /* Project object */;
}
